
Microsoft Visual Studio Solution File, Format Version 12.00
# Visual Studio Version 17
VisualStudioVersion = 17.4.33213.308
MinimumVisualStudioVersion = 10.0.40219.1
Project("{FAE04EC0-301F-11D3-BF4B-00C04F79EFBC}") = "Tia_ Media Player", "Tia_ Media Player.csproj", "{6BBF09C4-693F-4BA6-9DA2-33D7E17EDD3D}"
EndProject
Global
	GlobalSection(SolutionConfigurationPlatforms) = preSolution
		Debug|Any CPU = Debug|Any CPU
		Release|Any CPU = Release|Any CPU
	EndGlobalSection
	GlobalSection(ProjectConfigurationPlatforms) = postSolution
		{6BBF09C4-693F-4BA6-9DA2-33D7E17EDD3D}.Debug|Any CPU.ActiveCfg = Debug|Any CPU
		{6BBF09C4-693F-4BA6-9DA2-33D7E17EDD3D}.Debug|Any CPU.Build.0 = Debug|Any CPU
		{6BBF09C4-693F-4BA6-9DA2-33D7E17EDD3D}.Release|Any CPU.ActiveCfg = Release|Any CPU
		{6BBF09C4-693F-4BA6-9DA2-33D7E17EDD3D}.Release|Any CPU.Build.0 = Release|Any CPU
	EndGlobalSection
	GlobalSection(SolutionProperties) = preSolution
		HideSolutionNode = FALSE
	EndGlobalSection
	GlobalSection(ExtensibilityGlobals) = postSolution
		SolutionGuid = {7E01626F-1988-4BFA-B00B-54AD18FDFFB5}
	EndGlobalSection
EndGlobal
